<?xml version="1.0" encoding="utf-8"?>
<Project ToolsVersion="4.0" xmlns="http://schemas.microsoft.com/developer/msbuild/2003">
  <ItemGroup>
    <Filter Include="ソース ファイル">
      <UniqueIdentifier>{4FC737F1-C7A5-4376-A066-2A32D752A2FF}</UniqueIdentifier>
      <Extensions>cpp;c;cc;cxx;def;odl;idl;hpj;bat;asm;asmx</Extensions>
    </Filter>
    <Filter Include="ヘッダー ファイル">
      <UniqueIdentifier>{93995380-89BD-4b04-88EB-625FBE52EBFB}</UniqueIdentifier>
      <Extensions>h;hh;hpp;hxx;hm;inl;inc;ipp;xsd</Extensions>
    </Filter>
    <Filter Include="リソース ファイル">
      <UniqueIdentifier>{67DA6AB6-F800-4c08-8B7A-83BB121AAD01}</UniqueIdentifier>
      <Extensions>rc;ico;cur;bmp;dlg;rc2;rct;bin;rgs;gif;jpg;jpeg;jpe;resx;tiff;tif;png;wav;mfcribbon-ms</Extensions>
    </Filter>
    <Filter Include="シェーダーファイル">
      <UniqueIdentifier>{b40b5290-74ce-4faa-906a-b2aba2b6bdf3}</UniqueIdentifier>
    </Filter>
    <Filter Include="resource">
      <UniqueIdentifier>{5a8df290-7b43-44fd-9625-8f33c2281861}</UniqueIdentifier>
    </Filter>
    <Filter Include="resource\stb">
      <UniqueIdentifier>{2ccb0dc9-7caa-4ce7-886b-0a5e961c0c89}</UniqueIdentifier>
    </Filter>
    <Filter Include="graphic">
      <UniqueIdentifier>{72f375d8-6775-45bc-b39c-4fb9ab514a66}</UniqueIdentifier>
    </Filter>
    <Filter Include="_制作中">
      <UniqueIdentifier>{59da78eb-1318-46c4-990e-40325700757a}</UniqueIdentifier>
    </Filter>
    <Filter Include="resource\imgui">
      <UniqueIdentifier>{19795292-3f5a-40ee-80c9-a50722dde1ab}</UniqueIdentifier>
    </Filter>
    <Filter Include="Assimp">
      <UniqueIdentifier>{ca1d5629-a540-486b-9046-2205760fc592}</UniqueIdentifier>
    </Filter>
  </ItemGroup>
  <ItemGroup>
    <ClInclude Include="camera.h">
      <Filter>ヘッダー ファイル</Filter>
    </ClInclude>
    <ClInclude Include="main.h">
      <Filter>ヘッダー ファイル</Filter>
    </ClInclude>
    <ClInclude Include="manager.h">
      <Filter>ヘッダー ファイル</Filter>
    </ClInclude>
    <ClInclude Include="polygon.h">
      <Filter>ヘッダー ファイル</Filter>
    </ClInclude>
    <ClInclude Include="wall.h">
      <Filter>ヘッダー ファイル</Filter>
    </ClInclude>
    <ClInclude Include="input.h">
      <Filter>ヘッダー ファイル</Filter>
    </ClInclude>
    <ClInclude Include="game_object.h">
      <Filter>ヘッダー ファイル</Filter>
    </ClInclude>
    <ClInclude Include="collision.h">
      <Filter>ヘッダー ファイル</Filter>
    </ClInclude>
    <ClInclude Include="scene.h">
      <Filter>ヘッダー ファイル</Filter>
    </ClInclude>
    <ClInclude Include="player.h">
      <Filter>ヘッダー ファイル</Filter>
    </ClInclude>
    <ClInclude Include="enemy.h">
      <Filter>ヘッダー ファイル</Filter>
    </ClInclude>
    <ClInclude Include="bullet.h">
      <Filter>ヘッダー ファイル</Filter>
    </ClInclude>
    <ClInclude Include="mesh_field.h">
      <Filter>ヘッダー ファイル</Filter>
    </ClInclude>
    <ClInclude Include="ShakeCamera.h">
      <Filter>ヘッダー ファイル</Filter>
    </ClInclude>
    <ClInclude Include="field.h">
      <Filter>ヘッダー ファイル</Filter>
    </ClInclude>
    <ClInclude Include="game.h">
      <Filter>ヘッダー ファイル</Filter>
    </ClInclude>
    <ClInclude Include="title.h">
      <Filter>ヘッダー ファイル</Filter>
    </ClInclude>
    <ClInclude Include="result.h">
      <Filter>ヘッダー ファイル</Filter>
    </ClInclude>
    <ClInclude Include="tuto.h">
      <Filter>ヘッダー ファイル</Filter>
    </ClInclude>
    <ClInclude Include="ball.h">
      <Filter>ヘッダー ファイル</Filter>
    </ClInclude>
    <ClInclude Include="billboard.h">
      <Filter>ヘッダー ファイル</Filter>
    </ClInclude>
    <ClInclude Include="judgement.h">
      <Filter>ヘッダー ファイル</Filter>
    </ClInclude>
    <ClInclude Include="bullet_billboard.h">
      <Filter>ヘッダー ファイル</Filter>
    </ClInclude>
    <ClInclude Include="stb-texture.h">
      <Filter>resource\stb</Filter>
    </ClInclude>
    <ClInclude Include="model.h">
      <Filter>resource</Filter>
    </ClInclude>
    <ClInclude Include="modelAnimation.h">
      <Filter>resource</Filter>
    </ClInclude>
    <ClInclude Include="audio_clip.h">
      <Filter>resource</Filter>
    </ClInclude>
    <ClInclude Include="BulletManager.h">
      <Filter>ヘッダー ファイル</Filter>
    </ClInclude>
    <ClInclude Include="enemyAI.h">
      <Filter>ヘッダー ファイル</Filter>
    </ClInclude>
    <ClInclude Include="Shader.h">
      <Filter>graphic</Filter>
    </ClInclude>
    <ClInclude Include="renderer.h">
      <Filter>graphic</Filter>
    </ClInclude>
    <ClInclude Include="DirectionalLight.h">
      <Filter>ヘッダー ファイル</Filter>
    </ClInclude>
    <ClInclude Include="Skybox.h">
      <Filter>_制作中</Filter>
    </ClInclude>
    <ClInclude Include="LightManager.h">
      <Filter>_制作中</Filter>
    </ClInclude>
    <ClInclude Include="m4a1.h">
      <Filter>_制作中</Filter>
    </ClInclude>
    <ClInclude Include="imgui\imconfig.h">
      <Filter>resource\imgui</Filter>
    </ClInclude>
    <ClInclude Include="imgui\imgui.h">
      <Filter>resource\imgui</Filter>
    </ClInclude>
    <ClInclude Include="imgui\imgui_impl_dx11.h">
      <Filter>resource\imgui</Filter>
    </ClInclude>
    <ClInclude Include="imgui\imgui_impl_win32.h">
      <Filter>resource\imgui</Filter>
    </ClInclude>
    <ClInclude Include="imgui\imgui_internal.h">
      <Filter>resource\imgui</Filter>
    </ClInclude>
    <ClInclude Include="imgui\imstb_rectpack.h">
      <Filter>resource\imgui</Filter>
    </ClInclude>
    <ClInclude Include="imgui\imstb_textedit.h">
      <Filter>resource\imgui</Filter>
    </ClInclude>
    <ClInclude Include="imgui\imstb_truetype.h">
      <Filter>resource\imgui</Filter>
    </ClInclude>
    <ClInclude Include="shaderNormal.h">
      <Filter>graphic</Filter>
    </ClInclude>
    <ClInclude Include="fieldNormal.h">
      <Filter>_制作中</Filter>
    </ClInclude>
    <ClInclude Include="skydome.h">
      <Filter>_制作中</Filter>
    </ClInclude>
    <ClInclude Include="Fade.h">
      <Filter>_制作中</Filter>
    </ClInclude>
    <ClInclude Include="polygon2D.h">
      <Filter>ヘッダー ファイル</Filter>
    </ClInclude>
    <ClInclude Include="WeaponState.h">
      <Filter>_制作中</Filter>
    </ClInclude>
    <ClInclude Include="Assimp\Mesh.h">
      <Filter>Assimp</Filter>
    </ClInclude>
    <ClInclude Include="Assimp\Model.h">
      <Filter>Assimp</Filter>
    </ClInclude>
  </ItemGroup>
  <ItemGroup>
    <ClCompile Include="camera.cpp">
      <Filter>ソース ファイル</Filter>
    </ClCompile>
    <ClCompile Include="main.cpp">
      <Filter>ソース ファイル</Filter>
    </ClCompile>
    <ClCompile Include="manager.cpp">
      <Filter>ソース ファイル</Filter>
    </ClCompile>
    <ClCompile Include="polygon.cpp">
      <Filter>ソース ファイル</Filter>
    </ClCompile>
    <ClCompile Include="wall.cpp">
      <Filter>ソース ファイル</Filter>
    </ClCompile>
    <ClCompile Include="input.cpp">
      <Filter>ソース ファイル</Filter>
    </ClCompile>
    <ClCompile Include="player.cpp">
      <Filter>ソース ファイル</Filter>
    </ClCompile>
    <ClCompile Include="enemy.cpp">
      <Filter>ソース ファイル</Filter>
    </ClCompile>
    <ClCompile Include="bullet.cpp">
      <Filter>ソース ファイル</Filter>
    </ClCompile>
    <ClCompile Include="mesh_field.cpp">
      <Filter>ソース ファイル</Filter>
    </ClCompile>
    <ClCompile Include="collision.cpp">
      <Filter>ソース ファイル</Filter>
    </ClCompile>
    <ClCompile Include="ShakeCamera.cpp">
      <Filter>ソース ファイル</Filter>
    </ClCompile>
    <ClCompile Include="field.cpp">
      <Filter>ソース ファイル</Filter>
    </ClCompile>
    <ClCompile Include="game.cpp">
      <Filter>ソース ファイル</Filter>
    </ClCompile>
    <ClCompile Include="title.cpp">
      <Filter>ソース ファイル</Filter>
    </ClCompile>
    <ClCompile Include="result.cpp">
      <Filter>ソース ファイル</Filter>
    </ClCompile>
    <ClCompile Include="tuto.cpp">
      <Filter>ソース ファイル</Filter>
    </ClCompile>
    <ClCompile Include="billboard.cpp">
      <Filter>ソース ファイル</Filter>
    </ClCompile>
    <ClCompile Include="judgement.cpp">
      <Filter>ソース ファイル</Filter>
    </ClCompile>
    <ClCompile Include="bullet_billborad.cpp">
      <Filter>ソース ファイル</Filter>
    </ClCompile>
    <ClCompile Include="stb-texture.cpp">
      <Filter>resource\stb</Filter>
    </ClCompile>
    <ClCompile Include="ball.cpp">
      <Filter>ソース ファイル</Filter>
    </ClCompile>
    <ClCompile Include="audio_clip.cpp">
      <Filter>resource</Filter>
    </ClCompile>
    <ClCompile Include="model.cpp">
      <Filter>resource</Filter>
    </ClCompile>
    <ClCompile Include="modelAnimation.cpp">
      <Filter>resource</Filter>
    </ClCompile>
    <ClCompile Include="BulletManager.cpp">
      <Filter>ソース ファイル</Filter>
    </ClCompile>
    <ClCompile Include="enemyAI.cpp">
      <Filter>ソース ファイル</Filter>
    </ClCompile>
    <ClCompile Include="Shader.cpp">
      <Filter>graphic</Filter>
    </ClCompile>
    <ClCompile Include="renderer.cpp">
      <Filter>graphic</Filter>
    </ClCompile>
    <ClCompile Include="Skybox.cpp">
      <Filter>_制作中</Filter>
    </ClCompile>
    <ClCompile Include="LightManager.cpp">
      <Filter>_制作中</Filter>
    </ClCompile>
    <ClCompile Include="m4a1.cpp">
      <Filter>_制作中</Filter>
    </ClCompile>
    <ClCompile Include="shaderNormal.cpp">
      <Filter>graphic</Filter>
    </ClCompile>
    <ClCompile Include="fieldNormal.cpp">
      <Filter>_制作中</Filter>
    </ClCompile>
    <ClCompile Include="skydome.cpp">
      <Filter>_制作中</Filter>
    </ClCompile>
    <ClCompile Include="Fade.cpp">
      <Filter>_制作中</Filter>
    </ClCompile>
    <ClCompile Include="imgui\imgui.cpp">
      <Filter>resource\imgui</Filter>
    </ClCompile>
    <ClCompile Include="imgui\imgui_demo.cpp">
      <Filter>resource\imgui</Filter>
    </ClCompile>
    <ClCompile Include="imgui\imgui_draw.cpp">
      <Filter>resource\imgui</Filter>
    </ClCompile>
    <ClCompile Include="imgui\imgui_impl_dx11.cpp">
      <Filter>resource\imgui</Filter>
    </ClCompile>
    <ClCompile Include="imgui\imgui_impl_win32.cpp">
      <Filter>resource\imgui</Filter>
    </ClCompile>
    <ClCompile Include="imgui\imgui_widgets.cpp">
      <Filter>resource\imgui</Filter>
    </ClCompile>
    <ClCompile Include="polygon2D.cpp">
      <Filter>ソース ファイル</Filter>
    </ClCompile>
    <ClCompile Include="WeaponState.cpp">
      <Filter>_制作中</Filter>
    </ClCompile>
    <ClCompile Include="Assimp\Mesh.cpp">
      <Filter>Assimp</Filter>
    </ClCompile>
    <ClCompile Include="Assimp\Model.cpp">
      <Filter>Assimp</Filter>
    </ClCompile>
  </ItemGroup>
  <ItemGroup>
    <FxCompile Include="pixelShader.hlsl">
      <Filter>シェーダーファイル</Filter>
    </FxCompile>
    <FxCompile Include="vertexShader.hlsl">
      <Filter>シェーダーファイル</Filter>
    </FxCompile>
    <FxCompile Include="shader2DTestPS.hlsl">
      <Filter>シェーダーファイル</Filter>
    </FxCompile>
    <FxCompile Include="shader2DTestVS.hlsl">
      <Filter>シェーダーファイル</Filter>
    </FxCompile>
    <FxCompile Include="shader3DTestPS.hlsl">
      <Filter>シェーダーファイル</Filter>
    </FxCompile>
    <FxCompile Include="shader3DTestVS.hlsl">
      <Filter>シェーダーファイル</Filter>
    </FxCompile>
    <FxCompile Include="Shader3D_PS.hlsl">
      <Filter>シェーダーファイル</Filter>
    </FxCompile>
    <FxCompile Include="Shader3D_VS.hlsl">
      <Filter>シェーダーファイル</Filter>
    </FxCompile>
    <FxCompile Include="Shader3DNormalMappingPS.hlsl">
      <Filter>シェーダーファイル</Filter>
    </FxCompile>
    <FxCompile Include="Shader3DNormalMappingVS.hlsl">
      <Filter>シェーダーファイル</Filter>
    </FxCompile>
  </ItemGroup>
</Project>